
Microsoft Visual Studio Solution File, Format Version 12.00
# Visual Studio Version 16
VisualStudioVersion = 16.0.31729.503
MinimumVisualStudioVersion = 10.0.40219.1
Project("{FAE04EC0-301F-11D3-BF4B-00C04F79EFBC}") = "Wifi.AdressManagement.Verwaltung", "Wifi.AdressManagement.Verwaltung.csproj", "{24297372-1925-4D90-824D-14CCFEF14151}"
EndProject
Global
	GlobalSection(SolutionConfigurationPlatforms) = preSolution
		Debug|Any CPU = Debug|Any CPU
		Release|Any CPU = Release|Any CPU
	EndGlobalSection
	GlobalSection(ProjectConfigurationPlatforms) = postSolution
		{24297372-1925-4D90-824D-14CCFEF14151}.Debug|Any CPU.ActiveCfg = Debug|Any CPU
		{24297372-1925-4D90-824D-14CCFEF14151}.Debug|Any CPU.Build.0 = Debug|Any CPU
		{24297372-1925-4D90-824D-14CCFEF14151}.Release|Any CPU.ActiveCfg = Release|Any CPU
		{24297372-1925-4D90-824D-14CCFEF14151}.Release|Any CPU.Build.0 = Release|Any CPU
	EndGlobalSection
	GlobalSection(SolutionProperties) = preSolution
		HideSolutionNode = FALSE
	EndGlobalSection
	GlobalSection(ExtensibilityGlobals) = postSolution
		SolutionGuid = {0CFA72FD-526F-4540-B30A-D77882F747DE}
	EndGlobalSection
EndGlobal
